
Microsoft Visual Studio Solution File, Format Version 12.00
# Visual Studio Version 17
VisualStudioVersion = 17.5.33502.453
MinimumVisualStudioVersion = 10.0.40219.1
Project("{9A19103F-16F7-4668-BE54-9A1E7A4F7556}") = "ProductsTaskAPI", "ProductsTaskAPI\ProductsTaskAPI.csproj", "{DE43686B-E617-46B0-B6F9-EBE718463E7F}"
EndProject
Project("{9A19103F-16F7-4668-BE54-9A1E7A4F7556}") = "DTOs", "DTOs\DTOs.csproj", "{DF54B321-A927-405F-88D9-59F559855B3E}"
EndProject
Project("{9A19103F-16F7-4668-BE54-9A1E7A4F7556}") = "ProductsTaskDataAccess", "ProductsTaskDataAccess\ProductsTaskDataAccess.csproj", "{8835C476-5261-4722-A2A9-7AE9F75C0100}"
EndProject
Project("{9A19103F-16F7-4668-BE54-9A1E7A4F7556}") = "ProductsTaskCore", "ProductsTaskCore\ProductsTaskCore.csproj", "{5B529BD1-686A-4C7D-B006-428F3D96A39C}"
EndProject
Global
	GlobalSection(SolutionConfigurationPlatforms) = preSolution
		Debug|Any CPU = Debug|Any CPU
		Release|Any CPU = Release|Any CPU
	EndGlobalSection
	GlobalSection(ProjectConfigurationPlatforms) = postSolution
		{DE43686B-E617-46B0-B6F9-EBE718463E7F}.Debug|Any CPU.ActiveCfg = Debug|Any CPU
		{DE43686B-E617-46B0-B6F9-EBE718463E7F}.Debug|Any CPU.Build.0 = Debug|Any CPU
		{DE43686B-E617-46B0-B6F9-EBE718463E7F}.Release|Any CPU.ActiveCfg = Release|Any CPU
		{DE43686B-E617-46B0-B6F9-EBE718463E7F}.Release|Any CPU.Build.0 = Release|Any CPU
		{DF54B321-A927-405F-88D9-59F559855B3E}.Debug|Any CPU.ActiveCfg = Debug|Any CPU
		{DF54B321-A927-405F-88D9-59F559855B3E}.Debug|Any CPU.Build.0 = Debug|Any CPU
		{DF54B321-A927-405F-88D9-59F559855B3E}.Release|Any CPU.ActiveCfg = Release|Any CPU
		{DF54B321-A927-405F-88D9-59F559855B3E}.Release|Any CPU.Build.0 = Release|Any CPU
		{8835C476-5261-4722-A2A9-7AE9F75C0100}.Debug|Any CPU.ActiveCfg = Debug|Any CPU
		{8835C476-5261-4722-A2A9-7AE9F75C0100}.Debug|Any CPU.Build.0 = Debug|Any CPU
		{8835C476-5261-4722-A2A9-7AE9F75C0100}.Release|Any CPU.ActiveCfg = Release|Any CPU
		{8835C476-5261-4722-A2A9-7AE9F75C0100}.Release|Any CPU.Build.0 = Release|Any CPU
		{5B529BD1-686A-4C7D-B006-428F3D96A39C}.Debug|Any CPU.ActiveCfg = Debug|Any CPU
		{5B529BD1-686A-4C7D-B006-428F3D96A39C}.Debug|Any CPU.Build.0 = Debug|Any CPU
		{5B529BD1-686A-4C7D-B006-428F3D96A39C}.Release|Any CPU.ActiveCfg = Release|Any CPU
		{5B529BD1-686A-4C7D-B006-428F3D96A39C}.Release|Any CPU.Build.0 = Release|Any CPU
	EndGlobalSection
	GlobalSection(SolutionProperties) = preSolution
		HideSolutionNode = FALSE
	EndGlobalSection
	GlobalSection(ExtensibilityGlobals) = postSolution
		SolutionGuid = {81A6631A-7EB3-440B-9C1D-BB79CFF2BC96}
	EndGlobalSection
EndGlobal
